
Microsoft Visual Studio Solution File, Format Version 12.00
# Visual Studio 2012
Project("{2150E333-8FDC-42A3-9474-1A3956D46DE8}") = "app", "app", "{A0718908-0CAC-427D-B04D-A728EF479A2E}"
EndProject
Project("{2150E333-8FDC-42A3-9474-1A3956D46DE8}") = "test", "test", "{3E6B28CC-7169-4E9C-92EA-D43567308B8B}"
EndProject
Project("{2150E333-8FDC-42A3-9474-1A3956D46DE8}") = "build", "build", "{2323D037-A41B-4C10-B33B-251635966E16}"
	ProjectSection(SolutionItems) = preProject
		build\CHAOS.Portal.Authentication.build = build\CHAOS.Portal.Authentication.build
	EndProjectSection
EndProject
Project("{FAE04EC0-301F-11D3-BF4B-00C04F79EFBC}") = "Chaos.Portal.Authentication", "src\app\Chaos.Portal.Authentication\Chaos.Portal.Authentication.csproj", "{AB8EF052-65A5-429E-AFCC-D5BC7A0F06DB}"
EndProject
Project("{FAE04EC0-301F-11D3-BF4B-00C04F79EFBC}") = "Chaos.Portal.Authentication.Tests", "src\test\Chaos.Portal.Authentication.Tests\Chaos.Portal.Authentication.Tests.csproj", "{E525590D-D411-450B-8674-64E15A65983D}"
EndProject
Project("{FAE04EC0-301F-11D3-BF4B-00C04F79EFBC}") = "Chaos.Portal.Authentication.IntegrationTests", "src\test\Chaos.Portal.Authentication.IntegrationTests\Chaos.Portal.Authentication.IntegrationTests.csproj", "{90908242-3815-4AF2-A202-25B94D56D234}"
EndProject
Global
	GlobalSection(SolutionConfigurationPlatforms) = preSolution
		Debug|Any CPU = Debug|Any CPU
		Release|Any CPU = Release|Any CPU
	EndGlobalSection
	GlobalSection(ProjectConfigurationPlatforms) = postSolution
		{AB8EF052-65A5-429E-AFCC-D5BC7A0F06DB}.Debug|Any CPU.ActiveCfg = Debug|Any CPU
		{AB8EF052-65A5-429E-AFCC-D5BC7A0F06DB}.Debug|Any CPU.Build.0 = Debug|Any CPU
		{AB8EF052-65A5-429E-AFCC-D5BC7A0F06DB}.Release|Any CPU.ActiveCfg = Release|Any CPU
		{AB8EF052-65A5-429E-AFCC-D5BC7A0F06DB}.Release|Any CPU.Build.0 = Release|Any CPU
		{E525590D-D411-450B-8674-64E15A65983D}.Debug|Any CPU.ActiveCfg = Debug|Any CPU
		{E525590D-D411-450B-8674-64E15A65983D}.Debug|Any CPU.Build.0 = Debug|Any CPU
		{E525590D-D411-450B-8674-64E15A65983D}.Release|Any CPU.ActiveCfg = Release|Any CPU
		{E525590D-D411-450B-8674-64E15A65983D}.Release|Any CPU.Build.0 = Release|Any CPU
		{90908242-3815-4AF2-A202-25B94D56D234}.Debug|Any CPU.ActiveCfg = Debug|Any CPU
		{90908242-3815-4AF2-A202-25B94D56D234}.Debug|Any CPU.Build.0 = Debug|Any CPU
		{90908242-3815-4AF2-A202-25B94D56D234}.Release|Any CPU.ActiveCfg = Release|Any CPU
		{90908242-3815-4AF2-A202-25B94D56D234}.Release|Any CPU.Build.0 = Release|Any CPU
	EndGlobalSection
	GlobalSection(SolutionProperties) = preSolution
		HideSolutionNode = FALSE
	EndGlobalSection
	GlobalSection(NestedProjects) = preSolution
		{AB8EF052-65A5-429E-AFCC-D5BC7A0F06DB} = {A0718908-0CAC-427D-B04D-A728EF479A2E}
		{E525590D-D411-450B-8674-64E15A65983D} = {3E6B28CC-7169-4E9C-92EA-D43567308B8B}
		{90908242-3815-4AF2-A202-25B94D56D234} = {3E6B28CC-7169-4E9C-92EA-D43567308B8B}
	EndGlobalSection
EndGlobal
